// !$*UTF8*$!
{
	archiveVersion = 1;
	classes = {
	};
	objectVersion = 50;
	objects = {

/* Begin PBXBuildFile section */
		8524E4972507B8AC00C2AE4D /* AppDelegate.swift in Sources */ = {isa = PBXBuildFile; fileRef = 8524E4962507B8AC00C2AE4D /* AppDelegate.swift */; };
		8524E4992507B8AC00C2AE4D /* SceneDelegate.swift in Sources */ = {isa = PBXBuildFile; fileRef = 8524E4982507B8AC00C2AE4D /* SceneDelegate.swift */; };
		8524E49E2507B8AC00C2AE4D /* Main.storyboard in Resources */ = {isa = PBXBuildFile; fileRef = 8524E49C2507B8AC00C2AE4D /* Main.storyboard */; };
		8524E4A02507B8AE00C2AE4D /* Assets.xcassets in Resources */ = {isa = PBXBuildFile; fileRef = 8524E49F2507B8AE00C2AE4D /* Assets.xcassets */; };
		8524E4A32507B8AE00C2AE4D /* LaunchScreen.storyboard in Resources */ = {isa = PBXBuildFile; fileRef = 8524E4A12507B8AE00C2AE4D /* LaunchScreen.storyboard */; };
		8524E4AF2507B9CB00C2AE4D /* PersonsListTableViewController.swift in Sources */ = {isa = PBXBuildFile; fileRef = 8524E4AE2507B9CB00C2AE4D /* PersonsListTableViewController.swift */; };
		857A70D82507BD3F00B2DD1E /* PersonsFullInfoTableViewController.swift in Sources */ = {isa = PBXBuildFile; fileRef = 857A70D72507BD3F00B2DD1E /* PersonsFullInfoTableViewController.swift */; };
		857A70DA2507CD2400B2DD1E /* Person.swift in Sources */ = {isa = PBXBuildFile; fileRef = 857A70D92507CD2400B2DD1E /* Person.swift */; };
		857A70DD2507CDA300B2DD1E /* DataManager.swift in Sources */ = {isa = PBXBuildFile; fileRef = 857A70DC2507CDA300B2DD1E /* DataManager.swift */; };
		85DA0F392508D0B200D9C344 /* FullInfoViewController.swift in Sources */ = {isa = PBXBuildFile; fileRef = 85DA0F382508D0B200D9C344 /* FullInfoViewController.swift */; };
/* End PBXBuildFile section */

/* Begin PBXFileReference section */
		8524E4932507B8AC00C2AE4D /* personList.app */ = {isa = PBXFileReference; explicitFileType = wrapper.application; includeInIndex = 0; path = personList.app; sourceTree = BUILT_PRODUCTS_DIR; };
		8524E4962507B8AC00C2AE4D /* AppDelegate.swift */ = {isa = PBXFileReference; lastKnownFileType = sourcecode.swift; path = AppDelegate.swift; sourceTree = "<group>"; };
		8524E4982507B8AC00C2AE4D /* SceneDelegate.swift */ = {isa = PBXFileReference; lastKnownFileType = sourcecode.swift; path = SceneDelegate.swift; sourceTree = "<group>"; };
		8524E49D2507B8AC00C2AE4D /* Base */ = {isa = PBXFileReference; lastKnownFileType = file.storyboard; name = Base; path = Base.lproj/Main.storyboard; sourceTree = "<group>"; };
		8524E49F2507B8AE00C2AE4D /* Assets.xcassets */ = {isa = PBXFileReference; lastKnownFileType = folder.assetcatalog; path = Assets.xcassets; sourceTree = "<group>"; };
		8524E4A22507B8AE00C2AE4D /* Base */ = {isa = PBXFileReference; lastKnownFileType = file.storyboard; name = Base; path = Base.lproj/LaunchScreen.storyboard; sourceTree = "<group>"; };
		8524E4A42507B8AE00C2AE4D /* Info.plist */ = {isa = PBXFileReference; lastKnownFileType = text.plist.xml; path = Info.plist; sourceTree = "<group>"; };
		8524E4AE2507B9CB00C2AE4D /* PersonsListTableViewController.swift */ = {isa = PBXFileReference; lastKnownFileType = sourcecode.swift; path = PersonsListTableViewController.swift; sourceTree = "<group>"; };
		857A70D72507BD3F00B2DD1E /* PersonsFullInfoTableViewController.swift */ = {isa = PBXFileReference; lastKnownFileType = sourcecode.swift; path = PersonsFullInfoTableViewController.swift; sourceTree = "<group>"; };
		857A70D92507CD2400B2DD1E /* Person.swift */ = {isa = PBXFileReference; lastKnownFileType = sourcecode.swift; path = Person.swift; sourceTree = "<group>"; };
		857A70DC2507CDA300B2DD1E /* DataManager.swift */ = {isa = PBXFileReference; lastKnownFileType = sourcecode.swift; path = DataManager.swift; sourceTree = "<group>"; };
		85DA0F382508D0B200D9C344 /* FullInfoViewController.swift */ = {isa = PBXFileReference; lastKnownFileType = sourcecode.swift; path = FullInfoViewController.swift; sourceTree = "<group>"; };
/* End PBXFileReference section */

/* Begin PBXFrameworksBuildPhase section */
		8524E4902507B8AC00C2AE4D /* Frameworks */ = {
			isa = PBXFrameworksBuildPhase;
			buildActionMask = 2147483647;
			files = (
			);
			runOnlyForDeploymentPostprocessing = 0;
		};
/* End PBXFrameworksBuildPhase section */

/* Begin PBXGroup section */
		8524E48A2507B8AC00C2AE4D = {
			isa = PBXGroup;
			children = (
				8524E4952507B8AC00C2AE4D /* personList */,
				8524E4942507B8AC00C2AE4D /* Products */,
			);
			sourceTree = "<group>";
		};
		8524E4942507B8AC00C2AE4D /* Products */ = {
			isa = PBXGroup;
			children = (
				8524E4932507B8AC00C2AE4D /* personList.app */,
			);
			name = Products;
			sourceTree = "<group>";
		};
		8524E4952507B8AC00C2AE4D /* personList */ = {
			isa = PBXGroup;
			children = (
				8524E4AA2507B8D100C2AE4D /* storyboards */,
				8524E4AB2507B8E300C2AE4D /* viewControllers */,
				857A70DB2507CD2A00B2DD1E /* models */,
				8524E4AC2507B8F700C2AE4D /* supportingFiles */,
				8524E4AD2507B90A00C2AE4D /* sources */,
			);
			path = personList;
			sourceTree = "<group>";
		};
		8524E4AA2507B8D100C2AE4D /* storyboards */ = {
			isa = PBXGroup;
			children = (
				8524E49C2507B8AC00C2AE4D /* Main.storyboard */,
				8524E4A12507B8AE00C2AE4D /* LaunchScreen.storyboard */,
			);
			path = storyboards;
			sourceTree = "<group>";
		};
		8524E4AB2507B8E300C2AE4D /* viewControllers */ = {
			isa = PBXGroup;
			children = (
				8524E4AE2507B9CB00C2AE4D /* PersonsListTableViewController.swift */,
				857A70D72507BD3F00B2DD1E /* PersonsFullInfoTableViewController.swift */,
				85DA0F382508D0B200D9C344 /* FullInfoViewController.swift */,
			);
			path = viewControllers;
			sourceTree = "<group>";
		};
		8524E4AC2507B8F700C2AE4D /* supportingFiles */ = {
			isa = PBXGroup;
			children = (
				8524E4962507B8AC00C2AE4D /* AppDelegate.swift */,
				8524E4982507B8AC00C2AE4D /* SceneDelegate.swift */,
				8524E4A42507B8AE00C2AE4D /* Info.plist */,
			);
			path = supportingFiles;
			sourceTree = "<group>";
		};
		8524E4AD2507B90A00C2AE4D /* sources */ = {
			isa = PBXGroup;
			children = (
				8524E49F2507B8AE00C2AE4D /* Assets.xcassets */,
			);
			path = sources;
			sourceTree = "<group>";
		};
		857A70DB2507CD2A00B2DD1E /* models */ = {
			isa = PBXGroup;
			children = (
				857A70D92507CD2400B2DD1E /* Person.swift */,
				857A70DC2507CDA300B2DD1E /* DataManager.swift */,
			);
			path = models;
			sourceTree = "<group>";
		};
/* End PBXGroup section */

/* Begin PBXNativeTarget section */
		8524E4922507B8AC00C2AE4D /* personList */ = {
			isa = PBXNativeTarget;
			buildConfigurationList = 8524E4A72507B8AE00C2AE4D /* Build configuration list for PBXNativeTarget "personList" */;
			buildPhases = (
				8524E48F2507B8AC00C2AE4D /* Sources */,
				8524E4902507B8AC00C2AE4D /* Frameworks */,
				8524E4912507B8AC00C2AE4D /* Resources */,
			);
			buildRules = (
			);
			dependencies = (
			);
			name = personList;
			productName = personList;
			productReference = 8524E4932507B8AC00C2AE4D /* personList.app */;
			productType = "com.apple.product-type.application";
		};
/* End PBXNativeTarget section */

/* Begin PBXProject section */
		8524E48B2507B8AC00C2AE4D /* Project object */ = {
			isa = PBXProject;
			attributes = {
				LastSwiftUpdateCheck = 1170;
				LastUpgradeCheck = 1170;
				ORGANIZATIONNAME = "Кирилл Файфер";
				TargetAttributes = {
					8524E4922507B8AC00C2AE4D = {
						CreatedOnToolsVersion = 11.7;
					};
				};
			};
			buildConfigurationList = 8524E48E2507B8AC00C2AE4D /* Build configuration list for PBXProject "personList" */;
			compatibilityVersion = "Xcode 9.3";
			developmentRegion = en;
			hasScannedForEncodings = 0;
			knownRegions = (
				en,
				Base,
			);
			mainGroup = 8524E48A2507B8AC00C2AE4D;
			productRefGroup = 8524E4942507B8AC00C2AE4D /* Products */;
			projectDirPath = "";
			projectRoot = "";
			targets = (
				8524E4922507B8AC00C2AE4D /* personList */,
			);
		};
/* End PBXProject section */

/* Begin PBXResourcesBuildPhase section */
		8524E4912507B8AC00C2AE4D /* Resources */ = {
			isa = PBXResourcesBuildPhase;
			buildActionMask = 2147483647;
			files = (
				8524E4A32507B8AE00C2AE4D /* LaunchScreen.storyboard in Resources */,
				8524E4A02507B8AE00C2AE4D /* Assets.xcassets in Resources */,
				8524E49E2507B8AC00C2AE4D /* Main.storyboard in Resources */,
			);
			runOnlyForDeploymentPostprocessing = 0;
		};
/* End PBXResourcesBuildPhase section */

/* Begin PBXSourcesBuildPhase section */
		8524E48F2507B8AC00C2AE4D /* Sources */ = {
			isa = PBXSourcesBuildPhase;
			buildActionMask = 2147483647;
			files = (
				85DA0F392508D0B200D9C344 /* FullInfoViewController.swift in Sources */,
				857A70DA2507CD2400B2DD1E /* Person.swift in Sources */,
				857A70DD2507CDA300B2DD1E /* DataManager.swift in Sources */,
				8524E4972507B8AC00C2AE4D /* AppDelegate.swift in Sources */,
				8524E4AF2507B9CB00C2AE4D /* PersonsListTableViewController.swift in Sources */,
				8524E4992507B8AC00C2AE4D /* SceneDelegate.swift in Sources */,
				857A70D82507BD3F00B2DD1E /* PersonsFullInfoTableViewController.swift in Sources */,
			);
			runOnlyForDeploymentPostprocessing = 0;
		};
/* End PBXSourcesBuildPhase section */

/* Begin PBXVariantGroup section */
		8524E49C2507B8AC00C2AE4D /* Main.storyboard */ = {
			isa = PBXVariantGroup;
			children = (
				8524E49D2507B8AC00C2AE4D /* Base */,
			);
			name = Main.storyboard;
			sourceTree = "<group>";
		};
		8524E4A12507B8AE00C2AE4D /* LaunchScreen.storyboard */ = {
			isa = PBXVariantGroup;
			children = (
				8524E4A22507B8AE00C2AE4D /* Base */,
			);
			name = LaunchScreen.storyboard;
			sourceTree = "<group>";
		};
/* End PBXVariantGroup section */

/* Begin XCBuildConfiguration section */
		8524E4A52507B8AE00C2AE4D /* Debug */ = {
			isa = XCBuildConfiguration;
			buildSettings = {
				ALWAYS_SEARCH_USER_PATHS = NO;
				CLANG_ANALYZER_NONNULL = YES;
				CLANG_ANALYZER_NUMBER_OBJECT_CONVERSION = YES_AGGRESSIVE;
				CLANG_CXX_LANGUAGE_STANDARD = "gnu++14";
				CLANG_CXX_LIBRARY = "libc++";
				CLANG_ENABLE_MODULES = YES;
				CLANG_ENABLE_OBJC_ARC = YES;
				CLANG_ENABLE_OBJC_WEAK = YES;
				CLANG_WARN_BLOCK_CAPTURE_AUTORELEASING = YES;
				CLANG_WARN_BOOL_CONVERSION = YES;
				CLANG_WARN_COMMA = YES;
				CLANG_WARN_CONSTANT_CONVERSION = YES;
				CLANG_WARN_DEPRECATED_OBJC_IMPLEMENTATIONS = YES;
				CLANG_WARN_DIRECT_OBJC_ISA_USAGE = YES_ERROR;
				CLANG_WARN_DOCUMENTATION_COMMENTS = YES;
				CLANG_WARN_EMPTY_BODY = YES;
				CLANG_WARN_ENUM_CONVERSION = YES;
				CLANG_WARN_INFINITE_RECURSION = YES;
				CLANG_WARN_INT_CONVERSION = YES;
				CLANG_WARN_NON_LITERAL_NULL_CONVERSION = YES;
				CLANG_WARN_OBJC_IMPLICIT_RETAIN_SELF = YES;
				CLANG_WARN_OBJC_LITERAL_CONVERSION = YES;
				CLANG_WARN_OBJC_ROOT_CLASS = YES_ERROR;
				CLANG_WARN_RANGE_LOOP_ANALYSIS = YES;
				CLANG_WARN_STRICT_PROTOTYPES = YES;
				CLANG_WARN_SUSPICIOUS_MOVE = YES;
				CLANG_WARN_UNGUARDED_AVAILABILITY = YES_AGGRESSIVE;
				CLANG_WARN_UNREACHABLE_CODE = YES;
				CLANG_WARN__DUPLICATE_METHOD_MATCH = YES;
				COPY_PHASE_STRIP = NO;
				DEBUG_INFORMATION_FORMAT = dwarf;
				ENABLE_STRICT_OBJC_MSGSEND = YES;
				ENABLE_TESTABILITY = YES;
				GCC_C_LANGUAGE_STANDARD = gnu11;
				GCC_DYNAMIC_NO_PIC = NO;
				GCC_NO_COMMON_BLOCKS = YES;
				GCC_OPTIMIZATION_LEVEL = 0;
				GCC_PREPROCESSOR_DEFINITIONS = (
					"DEBUG=1",
					"$(inherited)",
				);
				GCC_WARN_64_TO_32_BIT_CONVERSION = YES;
				GCC_WARN_ABOUT_RETURN_TYPE = YES_ERROR;
				GCC_WARN_UNDECLARED_SELECTOR = YES;
				GCC_WARN_UNINITIALIZED_AUTOS = YES_AGGRESSIVE;
				GCC_WARN_UNUSED_FUNCTION = YES;
				GCC_WARN_UNUSED_VARIABLE = YES;
				IPHONEOS_DEPLOYMENT_TARGET = 13.7;
				MTL_ENABLE_DEBUG_INFO = INCLUDE_SOURCE;
				MTL_FAST_MATH = YES;
				ONLY_ACTIVE_ARCH = YES;
				SDKROOT = iphoneos;
				SWIFT_ACTIVE_COMPILATION_CONDITIONS = DEBUG;
				SWIFT_OPTIMIZATION_LEVEL = "-Onone";
			};
			name = Debug;
		};
		8524E4A62507B8AE00C2AE4D /* Release */ = {
			isa = XCBuildConfiguration;
			buildSettings = {
				ALWAYS_SEARCH_USER_PATHS = NO;
				CLANG_ANALYZER_NONNULL = YES;
				CLANG_ANALYZER_NUMBER_OBJECT_CONVERSION = YES_AGGRESSIVE;
				CLANG_CXX_LANGUAGE_STANDARD = "gnu++14";
				CLANG_CXX_LIBRARY = "libc++";
				CLANG_ENABLE_MODULES = YES;
				CLANG_ENABLE_OBJC_ARC = YES;
				CLANG_ENABLE_OBJC_WEAK = YES;
				CLANG_WARN_BLOCK_CAPTURE_AUTORELEASING = YES;
				CLANG_WARN_BOOL_CONVERSION = YES;
				CLANG_WARN_COMMA = YES;
				CLANG_WARN_CONSTANT_CONVERSION = YES;
				CLANG_WARN_DEPRECATED_OBJC_IMPLEMENTATIONS = YES;
				CLANG_WARN_DIRECT_OBJC_ISA_USAGE = YES_ERROR;
				CLANG_WARN_DOCUMENTATION_COMMENTS = YES;
				CLANG_WARN_EMPTY_BODY = YES;
				CLANG_WARN_ENUM_CONVERSION = YES;
				CLANG_WARN_INFINITE_RECURSION = YES;
				CLANG_WARN_INT_CONVERSION = YES;
				CLANG_WARN_NON_LITERAL_NULL_CONVERSION = YES;
				CLANG_WARN_OBJC_IMPLICIT_RETAIN_SELF = YES;
				CLANG_WARN_OBJC_LITERAL_CONVERSION = YES;
				CLANG_WARN_OBJC_ROOT_CLASS = YES_ERROR;
				CLANG_WARN_RANGE_LOOP_ANALYSIS = YES;
				CLANG_WARN_STRICT_PROTOTYPES = YES;
				CLANG_WARN_SUSPICIOUS_MOVE = YES;
				CLANG_WARN_UNGUARDED_AVAILABILITY = YES_AGGRESSIVE;
				CLANG_WARN_UNREACHABLE_CODE = YES;
				CLANG_WARN__DUPLICATE_METHOD_MATCH = YES;
				COPY_PHASE_STRIP = NO;
				DEBUG_INFORMATION_FORMAT = "dwarf-with-dsym";
				ENABLE_NS_ASSERTIONS = NO;
				ENABLE_STRICT_OBJC_MSGSEND = YES;
				GCC_C_LANGUAGE_STANDARD = gnu11;
				GCC_NO_COMMON_BLOCKS = YES;
				GCC_WARN_64_TO_32_BIT_CONVERSION = YES;
				GCC_WARN_ABOUT_RETURN_TYPE = YES_ERROR;
				GCC_WARN_UNDECLARED_SELECTOR = YES;
				GCC_WARN_UNINITIALIZED_AUTOS = YES_AGGRESSIVE;
				GCC_WARN_UNUSED_FUNCTION = YES;
				GCC_WARN_UNUSED_VARIABLE = YES;
				IPHONEOS_DEPLOYMENT_TARGET = 13.7;
				MTL_ENABLE_DEBUG_INFO = NO;
				MTL_FAST_MATH = YES;
				SDKROOT = iphoneos;
				SWIFT_COMPILATION_MODE = wholemodule;
				SWIFT_OPTIMIZATION_LEVEL = "-O";
				VALIDATE_PRODUCT = YES;
			};
			name = Release;
		};
		8524E4A82507B8AE00C2AE4D /* Debug */ = {
			isa = XCBuildConfiguration;
			buildSettings = {
				ASSETCATALOG_COMPILER_APPICON_NAME = AppIcon;
				CODE_SIGN_STYLE = Automatic;
				DEVELOPMENT_TEAM = 7F5MV2U5PR;
				INFOPLIST_FILE = personList/supportingFiles/Info.plist;
				LD_RUNPATH_SEARCH_PATHS = (
					"$(inherited)",
					"@executable_path/Frameworks",
				);
				PRODUCT_BUNDLE_IDENTIFIER = ru.mycompany.personList;
				PRODUCT_NAME = "$(TARGET_NAME)";
				SWIFT_VERSION = 5.0;
				TARGETED_DEVICE_FAMILY = 1;
			};
			name = Debug;
		};
		8524E4A92507B8AE00C2AE4D /* Release */ = {
			isa = XCBuildConfiguration;
			buildSettings = {
				ASSETCATALOG_COMPILER_APPICON_NAME = AppIcon;
				CODE_SIGN_STYLE = Automatic;
				DEVELOPMENT_TEAM = 7F5MV2U5PR;
				INFOPLIST_FILE = personList/supportingFiles/Info.plist;
				LD_RUNPATH_SEARCH_PATHS = (
					"$(inherited)",
					"@executable_path/Frameworks",
				);
				PRODUCT_BUNDLE_IDENTIFIER = ru.mycompany.personList;
				PRODUCT_NAME = "$(TARGET_NAME)";
				SWIFT_VERSION = 5.0;
				TARGETED_DEVICE_FAMILY = 1;
			};
			name = Release;
		};
/* End XCBuildConfiguration section */

/* Begin XCConfigurationList section */
		8524E48E2507B8AC00C2AE4D /* Build configuration list for PBXProject "personList" */ = {
			isa = XCConfigurationList;
			buildConfigurations = (
				8524E4A52507B8AE00C2AE4D /* Debug */,
				8524E4A62507B8AE00C2AE4D /* Release */,
			);
			defaultConfigurationIsVisible = 0;
			defaultConfigurationName = Release;
		};
		8524E4A72507B8AE00C2AE4D /* Build configuration list for PBXNativeTarget "personList" */ = {
			isa = XCConfigurationList;
			buildConfigurations = (
				8524E4A82507B8AE00C2AE4D /* Debug */,
				8524E4A92507B8AE00C2AE4D /* Release */,
			);
			defaultConfigurationIsVisible = 0;
			defaultConfigurationName = Release;
		};
/* End XCConfigurationList section */
	};
	rootObject = 8524E48B2507B8AC00C2AE4D /* Project object */;
}
